PODS:
  - ReactiveCocoa (2.0):
    - ReactiveCocoa/Core (= 2.0)
    - ReactiveCocoa/no-arc (= 2.0)
    - ReactiveCocoa/RACExtensions (= 2.0)
  - ReactiveCocoa/Core (2.0):
    - ReactiveCocoa/no-arc
  - ReactiveCocoa/no-arc (2.0)
  - ReactiveCocoa/RACExtensions (2.0):
    - ReactiveCocoa/Core

DEPENDENCIES:
  - ReactiveCocoa (= 2.0)

SPEC CHECKSUMS:
  ReactiveCocoa: 27cc8d4b5baa6460881f961131ce917813538929

COCOAPODS: 0.35.0
