// !$*UTF8*$!
{
	archiveVersion = 1;
	classes = {
	};
	objectVersion = 46;
	objects = {

/* Begin PBXBuildFile section */
		3667D9D01A92300E003716A2 /* Generated.xcassets in Resources */ = {isa = PBXBuildFile; fileRef = 3667D9CF1A92300E003716A2 /* Generated.xcassets */; };
		603721D0634BF0F44B703037 /* CHDLeftViewController.m in Sources */ = {isa = PBXBuildFile; fileRef = 603728D57C825735AC717C06 /* CHDLeftViewController.m */; };
		603726732C292533B05B3F7A /* CHDDashboardMessagesViewController.m in Sources */ = {isa = PBXBuildFile; fileRef = 603721942B4976F4FB0DEA3A /* CHDDashboardMessagesViewController.m */; };
		603728D4433D06ABA17F69F7 /* CHDDashboardEventsViewController.m in Sources */ = {isa = PBXBuildFile; fileRef = 60372923C3091EB51597EA73 /* CHDDashboardEventsViewController.m */; };
		603729FFD17147BE469C9C11 /* CHDDashboardTabBarViewController.m in Sources */ = {isa = PBXBuildFile; fileRef = 60372AE4E5F483089DEFD57E /* CHDDashboardTabBarViewController.m */; };
		60372A8BAE0AEB13FE7BA529 /* AppDelegate.m in Sources */ = {isa = PBXBuildFile; fileRef = 603721FB2DB83AEFDBFC55B4 /* AppDelegate.m */; };
		60372B57AC76DBE3E30ADA4C /* CHDDashboardNavigationController.m in Sources */ = {isa = PBXBuildFile; fileRef = 60372946B377019BD580A8B7 /* CHDDashboardNavigationController.m */; };
		60372C6F9C703F75221B9134 /* CHDDashboardInvitationsViewController.m in Sources */ = {isa = PBXBuildFile; fileRef = 6037201391F7852D01579D72 /* CHDDashboardInvitationsViewController.m */; };
		60372CDAE1931B6F1E903540 /* main.m in Sources */ = {isa = PBXBuildFile; fileRef = 603720B107A7307EADD70B2C /* main.m */; };
		60372DA2ED20F1FD0A711CFF /* ViewController.m in Sources */ = {isa = PBXBuildFile; fileRef = 603727256E971686D79D8017 /* ViewController.m */; };
		FB006EF93027D731BFDF0AA0 /* libPods.a in Frameworks */ = {isa = PBXBuildFile; fileRef = A2489C4B953B854686341449 /* libPods.a */; };
/* End PBXBuildFile section */

/* Begin PBXFileReference section */
		2AC28EE7D0449F9019B40E80 /* Pods.debug.xcconfig */ = {isa = PBXFileReference; includeInIndex = 1; lastKnownFileType = text.xcconfig; name = Pods.debug.xcconfig; path = "Pods/Target Support Files/Pods/Pods.debug.xcconfig"; sourceTree = "<group>"; };
		3667D9CF1A92300E003716A2 /* Generated.xcassets */ = {isa = PBXFileReference; lastKnownFileType = folder.assetcatalog; path = Generated.xcassets; sourceTree = SOURCE_ROOT; };
		3667D9D11A923017003716A2 /* generated_resource_images.h */ = {isa = PBXFileReference; fileEncoding = 4; lastKnownFileType = sourcecode.c.h; path = generated_resource_images.h; sourceTree = SOURCE_ROOT; };
		6037201391F7852D01579D72 /* CHDDashboardInvitationsViewController.m */ = {isa = PBXFileReference; fileEncoding = 4; lastKnownFileType = sourcecode.c.objc; path = CHDDashboardInvitationsViewController.m; sourceTree = "<group>"; };
		603720B107A7307EADD70B2C /* main.m */ = {isa = PBXFileReference; lastKnownFileType = sourcecode.c.objc; path = main.m; sourceTree = "<group>"; };
		603721942B4976F4FB0DEA3A /* CHDDashboardMessagesViewController.m */ = {isa = PBXFileReference; fileEncoding = 4; lastKnownFileType = sourcecode.c.objc; path = CHDDashboardMessagesViewController.m; sourceTree = "<group>"; };
		603721FB2DB83AEFDBFC55B4 /* AppDelegate.m */ = {isa = PBXFileReference; lastKnownFileType = sourcecode.c.objc; path = AppDelegate.m; sourceTree = "<group>"; };
		603725E6BC8D27A79041CB8E /* CHDDashboardTabBarViewController.h */ = {isa = PBXFileReference; fileEncoding = 4; lastKnownFileType = sourcecode.c.h; path = CHDDashboardTabBarViewController.h; sourceTree = "<group>"; };
		603726045A07B5DC865FD0FB /* AppDelegate.h */ = {isa = PBXFileReference; lastKnownFileType = sourcecode.c.h; path = AppDelegate.h; sourceTree = "<group>"; };
		60372631488DA2406B7F0AB9 /* Info.plist */ = {isa = PBXFileReference; lastKnownFileType = text.plist.info; path = Info.plist; sourceTree = "<group>"; };
		603727256E971686D79D8017 /* ViewController.m */ = {isa = PBXFileReference; lastKnownFileType = sourcecode.c.objc; path = ViewController.m; sourceTree = "<group>"; };
		603727B76BB337AD4F173341 /* CHDDashboardInvitationsViewController.h */ = {isa = PBXFileReference; fileEncoding = 4; lastKnownFileType = sourcecode.c.h; path = CHDDashboardInvitationsViewController.h; sourceTree = "<group>"; };
		603728D57C825735AC717C06 /* CHDLeftViewController.m */ = {isa = PBXFileReference; fileEncoding = 4; lastKnownFileType = sourcecode.c.objc; path = CHDLeftViewController.m; sourceTree = "<group>"; };
		60372923C3091EB51597EA73 /* CHDDashboardEventsViewController.m */ = {isa = PBXFileReference; fileEncoding = 4; lastKnownFileType = sourcecode.c.objc; path = CHDDashboardEventsViewController.m; sourceTree = "<group>"; };
		60372946B377019BD580A8B7 /* CHDDashboardNavigationController.m */ = {isa = PBXFileReference; fileEncoding = 4; lastKnownFileType = sourcecode.c.objc; path = CHDDashboardNavigationController.m; sourceTree = "<group>"; };
		60372AE4E5F483089DEFD57E /* CHDDashboardTabBarViewController.m */ = {isa = PBXFileReference; fileEncoding = 4; lastKnownFileType = sourcecode.c.objc; path = CHDDashboardTabBarViewController.m; sourceTree = "<group>"; };
		60372C6F72F96755C9D2AB1C /* ViewController.h */ = {isa = PBXFileReference; lastKnownFileType = sourcecode.c.h; path = ViewController.h; sourceTree = "<group>"; };
		60372D64C65E4CD47FD69FCC /* CHDDashboardNavigationController.h */ = {isa = PBXFileReference; fileEncoding = 4; lastKnownFileType = sourcecode.c.h; path = CHDDashboardNavigationController.h; sourceTree = "<group>"; };
		60372D7D0443B1F40284EBB6 /* CHDLeftViewController.h */ = {isa = PBXFileReference; fileEncoding = 4; lastKnownFileType = sourcecode.c.h; path = CHDLeftViewController.h; sourceTree = "<group>"; };
		60372E252769C35CBD61D50F /* CHDDashboardMessagesViewController.h */ = {isa = PBXFileReference; fileEncoding = 4; lastKnownFileType = sourcecode.c.h; path = CHDDashboardMessagesViewController.h; sourceTree = "<group>"; };
		60372E5F1693B6ECA20D0E7C /* ChurchDesk.app */ = {isa = PBXFileReference; explicitFileType = wrapper.application; includeInIndex = 0; path = ChurchDesk.app; sourceTree = BUILT_PRODUCTS_DIR; };
		60372EC5998C60C7C4601A22 /* CHDDashboardEventsViewController.h */ = {isa = PBXFileReference; fileEncoding = 4; lastKnownFileType = sourcecode.c.h; path = CHDDashboardEventsViewController.h; sourceTree = "<group>"; };
		769E7B961A937F2A00812715 /* ChurchDesk.pch */ = {isa = PBXFileReference; lastKnownFileType = sourcecode.c.h; path = ChurchDesk.pch; sourceTree = SOURCE_ROOT; };
		9FDECCAC8BF3238E8B37BEB4 /* Pods.inhouse.xcconfig */ = {isa = PBXFileReference; includeInIndex = 1; lastKnownFileType = text.xcconfig; name = Pods.inhouse.xcconfig; path = "Pods/Target Support Files/Pods/Pods.inhouse.xcconfig"; sourceTree = "<group>"; };
		A2489C4B953B854686341449 /* libPods.a */ = {isa = PBXFileReference; explicitFileType = archive.ar; includeInIndex = 0; path = libPods.a; sourceTree = BUILT_PRODUCTS_DIR; };
		D7479E92B6129595D8D01126 /* Pods.release.xcconfig */ = {isa = PBXFileReference; includeInIndex = 1; lastKnownFileType = text.xcconfig; name = Pods.release.xcconfig; path = "Pods/Target Support Files/Pods/Pods.release.xcconfig"; sourceTree = "<group>"; };
/* End PBXFileReference section */

/* Begin PBXFrameworksBuildPhase section */
		603727F7B8C8BB3A43116C4A /* Frameworks */ = {
			isa = PBXFrameworksBuildPhase;
			buildActionMask = 2147483647;
			files = (
				FB006EF93027D731BFDF0AA0 /* libPods.a in Frameworks */,
			);
			runOnlyForDeploymentPostprocessing = 0;
		};
/* End PBXFrameworksBuildPhase section */

/* Begin PBXGroup section */
		523BB34733495BF6470B3A10 /* Pods */ = {
			isa = PBXGroup;
			children = (
				2AC28EE7D0449F9019B40E80 /* Pods.debug.xcconfig */,
				D7479E92B6129595D8D01126 /* Pods.release.xcconfig */,
				9FDECCAC8BF3238E8B37BEB4 /* Pods.inhouse.xcconfig */,
			);
			name = Pods;
			sourceTree = "<group>";
		};
		60372179239F64D321F00AF0 /* ChurchDesk */ = {
			isa = PBXGroup;
			children = (
				3667D9D11A923017003716A2 /* generated_resource_images.h */,
				3667D9CF1A92300E003716A2 /* Generated.xcassets */,
				603726AC62FEF768227A022C /* Supporting Files */,
				603726045A07B5DC865FD0FB /* AppDelegate.h */,
				603721FB2DB83AEFDBFC55B4 /* AppDelegate.m */,
				60372C6F72F96755C9D2AB1C /* ViewController.h */,
				603727256E971686D79D8017 /* ViewController.m */,
				60372D7D0443B1F40284EBB6 /* CHDLeftViewController.h */,
				60372E252769C35CBD61D50F /* CHDDashboardMessagesViewController.h */,
				603725E6BC8D27A79041CB8E /* CHDDashboardTabBarViewController.h */,
				603728D57C825735AC717C06 /* CHDLeftViewController.m */,
				603721942B4976F4FB0DEA3A /* CHDDashboardMessagesViewController.m */,
				60372AE4E5F483089DEFD57E /* CHDDashboardTabBarViewController.m */,
				6037201391F7852D01579D72 /* CHDDashboardInvitationsViewController.m */,
				60372946B377019BD580A8B7 /* CHDDashboardNavigationController.m */,
				60372D64C65E4CD47FD69FCC /* CHDDashboardNavigationController.h */,
				603727B76BB337AD4F173341 /* CHDDashboardInvitationsViewController.h */,
				60372EC5998C60C7C4601A22 /* CHDDashboardEventsViewController.h */,
				60372923C3091EB51597EA73 /* CHDDashboardEventsViewController.m */,
			);
			path = ChurchDesk;
			sourceTree = "<group>";
		};
		6037263F4DA5FAE1A54AEBD0 = {
			isa = PBXGroup;
			children = (
				60372EADD372446171E81756 /* Products */,
				60372179239F64D321F00AF0 /* ChurchDesk */,
				523BB34733495BF6470B3A10 /* Pods */,
				8C7033242449DD2B32139BB0 /* Frameworks */,
			);
			sourceTree = "<group>";
		};
		603726AC62FEF768227A022C /* Supporting Files */ = {
			isa = PBXGroup;
			children = (
				60372631488DA2406B7F0AB9 /* Info.plist */,
				603720B107A7307EADD70B2C /* main.m */,
				769E7B961A937F2A00812715 /* ChurchDesk.pch */,
			);
			name = "Supporting Files";
			sourceTree = "<group>";
		};
		60372EADD372446171E81756 /* Products */ = {
			isa = PBXGroup;
			children = (
				60372E5F1693B6ECA20D0E7C /* ChurchDesk.app */,
			);
			name = Products;
			sourceTree = "<group>";
		};
		8C7033242449DD2B32139BB0 /* Frameworks */ = {
			isa = PBXGroup;
			children = (
				A2489C4B953B854686341449 /* libPods.a */,
			);
			name = Frameworks;
			sourceTree = "<group>";
		};
/* End PBXGroup section */

/* Begin PBXNativeTarget section */
		6037291B5F81D8B947908396 /* ChurchDesk */ = {
			isa = PBXNativeTarget;
			buildConfigurationList = 60372EB349819DA654C3DACD /* Build configuration list for PBXNativeTarget "ChurchDesk" */;
			buildPhases = (
				F2ABAB7C8920877B11CD1AA0 /* Check Pods Manifest.lock */,
				60372C39F67630D1AD929D4C /* Sources */,
				603727F7B8C8BB3A43116C4A /* Frameworks */,
				60372BB20A00144B35FD8DAC /* Resources */,
				2894B46DC938F73013C1F8B2 /* Copy Pods Resources */,
			);
			buildRules = (
			);
			dependencies = (
			);
			name = ChurchDesk;
			productName = ChurchDesk;
			productReference = 60372E5F1693B6ECA20D0E7C /* ChurchDesk.app */;
			productType = "com.apple.product-type.application";
		};
/* End PBXNativeTarget section */

/* Begin PBXProject section */
		60372F0B5CB40ADBA96A7F24 /* Project object */ = {
			isa = PBXProject;
			attributes = {
				ORGANIZATIONNAME = "Shape A/S";
			};
			buildConfigurationList = 60372857C75B2F7A9AF84333 /* Build configuration list for PBXProject "ChurchDesk" */;
			compatibilityVersion = "Xcode 3.2";
			developmentRegion = English;
			hasScannedForEncodings = 0;
			knownRegions = (
				en,
			);
			mainGroup = 6037263F4DA5FAE1A54AEBD0;
			productRefGroup = 60372EADD372446171E81756 /* Products */;
			projectDirPath = "";
			projectRoot = "";
			targets = (
				6037291B5F81D8B947908396 /* ChurchDesk */,
			);
		};
/* End PBXProject section */

/* Begin PBXResourcesBuildPhase section */
		60372BB20A00144B35FD8DAC /* Resources */ = {
			isa = PBXResourcesBuildPhase;
			buildActionMask = 2147483647;
			files = (
				3667D9D01A92300E003716A2 /* Generated.xcassets in Resources */,
			);
			runOnlyForDeploymentPostprocessing = 0;
		};
/* End PBXResourcesBuildPhase section */

/* Begin PBXShellScriptBuildPhase section */
		2894B46DC938F73013C1F8B2 /* Copy Pods Resources */ = {
			isa = PBXShellScriptBuildPhase;
			buildActionMask = 2147483647;
			files = (
			);
			inputPaths = (
			);
			name = "Copy Pods Resources";
			outputPaths = (
			);
			runOnlyForDeploymentPostprocessing = 0;
			shellPath = /bin/sh;
			shellScript = "\"${SRCROOT}/Pods/Target Support Files/Pods/Pods-resources.sh\"\n";
			showEnvVarsInLog = 0;
		};
		F2ABAB7C8920877B11CD1AA0 /* Check Pods Manifest.lock */ = {
			isa = PBXShellScriptBuildPhase;
			buildActionMask = 2147483647;
			files = (
			);
			inputPaths = (
			);
			name = "Check Pods Manifest.lock";
			outputPaths = (
			);
			runOnlyForDeploymentPostprocessing = 0;
			shellPath = /bin/sh;
			shellScript = "diff \"${PODS_ROOT}/../Podfile.lock\" \"${PODS_ROOT}/Manifest.lock\" > /dev/null\nif [[ $? != 0 ]] ; then\n    cat << EOM\nerror: The sandbox is not in sync with the Podfile.lock. Run 'pod install' or update your CocoaPods installation.\nEOM\n    exit 1\nfi\n";
			showEnvVarsInLog = 0;
		};
/* End PBXShellScriptBuildPhase section */

/* Begin PBXSourcesBuildPhase section */
		60372C39F67630D1AD929D4C /* Sources */ = {
			isa = PBXSourcesBuildPhase;
			buildActionMask = 2147483647;
			files = (
				60372CDAE1931B6F1E903540 /* main.m in Sources */,
				60372A8BAE0AEB13FE7BA529 /* AppDelegate.m in Sources */,
				60372DA2ED20F1FD0A711CFF /* ViewController.m in Sources */,
				603721D0634BF0F44B703037 /* CHDLeftViewController.m in Sources */,
				603726732C292533B05B3F7A /* CHDDashboardMessagesViewController.m in Sources */,
				603729FFD17147BE469C9C11 /* CHDDashboardTabBarViewController.m in Sources */,
				60372C6F9C703F75221B9134 /* CHDDashboardInvitationsViewController.m in Sources */,
				60372B57AC76DBE3E30ADA4C /* CHDDashboardNavigationController.m in Sources */,
				603728D4433D06ABA17F69F7 /* CHDDashboardEventsViewController.m in Sources */,
			);
			runOnlyForDeploymentPostprocessing = 0;
		};
/* End PBXSourcesBuildPhase section */

/* Begin XCBuildConfiguration section */
		3667D9D21A9236A1003716A2 /* Inhouse */ = {
			isa = XCBuildConfiguration;
			buildSettings = {
				ALWAYS_SEARCH_USER_PATHS = NO;
				CLANG_CXX_LANGUAGE_STANDARD = "gnu++0x";
				CLANG_CXX_LIBRARY = "libc++";
				CLANG_ENABLE_MODULES = YES;
				CLANG_ENABLE_OBJC_ARC = YES;
				CLANG_WARN_BOOL_CONVERSION = YES;
				CLANG_WARN_CONSTANT_CONVERSION = YES;
				CLANG_WARN_DIRECT_OBJC_ISA_USAGE = YES_ERROR;
				CLANG_WARN_EMPTY_BODY = YES;
				CLANG_WARN_ENUM_CONVERSION = YES;
				CLANG_WARN_INT_CONVERSION = YES;
				CLANG_WARN_OBJC_ROOT_CLASS = YES_ERROR;
				CLANG_WARN_UNREACHABLE_CODE = YES;
				CLANG_WARN__DUPLICATE_METHOD_MATCH = YES;
				"CODE_SIGN_IDENTITY[sdk=iphoneos*]" = "iPhone Developer";
				COPY_PHASE_STRIP = YES;
				ENABLE_NS_ASSERTIONS = NO;
				ENABLE_STRICT_OBJC_MSGSEND = YES;
				GCC_C_LANGUAGE_STANDARD = gnu99;
				GCC_PRECOMPILE_PREFIX_HEADER = YES;
				GCC_PREFIX_HEADER = ChurchDesk.pch;
				GCC_WARN_64_TO_32_BIT_CONVERSION = YES;
				GCC_WARN_ABOUT_RETURN_TYPE = YES_ERROR;
				GCC_WARN_UNDECLARED_SELECTOR = YES;
				GCC_WARN_UNINITIALIZED_AUTOS = YES_AGGRESSIVE;
				GCC_WARN_UNUSED_FUNCTION = YES;
				GCC_WARN_UNUSED_VARIABLE = YES;
				IPHONEOS_DEPLOYMENT_TARGET = 8.1;
				MTL_ENABLE_DEBUG_INFO = NO;
				SDKROOT = iphoneos;
				VALIDATE_PRODUCT = YES;
			};
			name = Inhouse;
		};
		3667D9D31A9236A1003716A2 /* Inhouse */ = {
			isa = XCBuildConfiguration;
			baseConfigurationReference = 9FDECCAC8BF3238E8B37BEB4 /* Pods.inhouse.xcconfig */;
			buildSettings = {
				ASSETCATALOG_COMPILER_APPICON_NAME = Icon;
				ASSETCATALOG_COMPILER_LAUNCHIMAGE_NAME = LaunchImage;
				"CODE_SIGN_IDENTITY[sdk=iphoneos*]" = "iPhone Distribution: Shape Aps (L4J43EQ3L9)";
				INFOPLIST_FILE = ChurchDesk/Info.plist;
				LD_RUNPATH_SEARCH_PATHS = "$(inherited) @executable_path/Frameworks";
				PRODUCT_NAME = "$(TARGET_NAME)";
				PROVISIONING_PROFILE = "5868f2f8-8cfe-4c5a-bf2b-4a8a3a3c47f6";
			};
			name = Inhouse;
		};
		6037211C16F08D697E5F809F /* Debug */ = {
			isa = XCBuildConfiguration;
			buildSettings = {
				ALWAYS_SEARCH_USER_PATHS = NO;
				CLANG_CXX_LANGUAGE_STANDARD = "gnu++0x";
				CLANG_CXX_LIBRARY = "libc++";
				CLANG_ENABLE_MODULES = YES;
				CLANG_ENABLE_OBJC_ARC = YES;
				CLANG_WARN_BOOL_CONVERSION = YES;
				CLANG_WARN_CONSTANT_CONVERSION = YES;
				CLANG_WARN_DIRECT_OBJC_ISA_USAGE = YES_ERROR;
				CLANG_WARN_EMPTY_BODY = YES;
				CLANG_WARN_ENUM_CONVERSION = YES;
				CLANG_WARN_INT_CONVERSION = YES;
				CLANG_WARN_OBJC_ROOT_CLASS = YES_ERROR;
				CLANG_WARN_UNREACHABLE_CODE = YES;
				CLANG_WARN__DUPLICATE_METHOD_MATCH = YES;
				"CODE_SIGN_IDENTITY[sdk=iphoneos*]" = "iPhone Developer";
				COPY_PHASE_STRIP = NO;
				ENABLE_STRICT_OBJC_MSGSEND = YES;
				GCC_C_LANGUAGE_STANDARD = gnu99;
				GCC_DYNAMIC_NO_PIC = NO;
				GCC_OPTIMIZATION_LEVEL = 0;
				GCC_PRECOMPILE_PREFIX_HEADER = YES;
				GCC_PREFIX_HEADER = ChurchDesk.pch;
				GCC_PREPROCESSOR_DEFINITIONS = (
					"DEBUG=1",
					"$(inherited)",
				);
				GCC_SYMBOLS_PRIVATE_EXTERN = NO;
				GCC_WARN_64_TO_32_BIT_CONVERSION = YES;
				GCC_WARN_ABOUT_RETURN_TYPE = YES_ERROR;
				GCC_WARN_UNDECLARED_SELECTOR = YES;
				GCC_WARN_UNINITIALIZED_AUTOS = YES_AGGRESSIVE;
				GCC_WARN_UNUSED_FUNCTION = YES;
				GCC_WARN_UNUSED_VARIABLE = YES;
				IPHONEOS_DEPLOYMENT_TARGET = 8.1;
				MTL_ENABLE_DEBUG_INFO = YES;
				ONLY_ACTIVE_ARCH = YES;
				SDKROOT = iphoneos;
			};
			name = Debug;
		};
		60372B65EFCACF89980D4582 /* Release */ = {
			isa = XCBuildConfiguration;
			buildSettings = {
				ALWAYS_SEARCH_USER_PATHS = NO;
				CLANG_CXX_LANGUAGE_STANDARD = "gnu++0x";
				CLANG_CXX_LIBRARY = "libc++";
				CLANG_ENABLE_MODULES = YES;
				CLANG_ENABLE_OBJC_ARC = YES;
				CLANG_WARN_BOOL_CONVERSION = YES;
				CLANG_WARN_CONSTANT_CONVERSION = YES;
				CLANG_WARN_DIRECT_OBJC_ISA_USAGE = YES_ERROR;
				CLANG_WARN_EMPTY_BODY = YES;
				CLANG_WARN_ENUM_CONVERSION = YES;
				CLANG_WARN_INT_CONVERSION = YES;
				CLANG_WARN_OBJC_ROOT_CLASS = YES_ERROR;
				CLANG_WARN_UNREACHABLE_CODE = YES;
				CLANG_WARN__DUPLICATE_METHOD_MATCH = YES;
				"CODE_SIGN_IDENTITY[sdk=iphoneos*]" = "iPhone Developer";
				COPY_PHASE_STRIP = YES;
				ENABLE_NS_ASSERTIONS = NO;
				ENABLE_STRICT_OBJC_MSGSEND = YES;
				GCC_C_LANGUAGE_STANDARD = gnu99;
				GCC_PRECOMPILE_PREFIX_HEADER = YES;
				GCC_PREFIX_HEADER = ChurchDesk.pch;
				GCC_WARN_64_TO_32_BIT_CONVERSION = YES;
				GCC_WARN_ABOUT_RETURN_TYPE = YES_ERROR;
				GCC_WARN_UNDECLARED_SELECTOR = YES;
				GCC_WARN_UNINITIALIZED_AUTOS = YES_AGGRESSIVE;
				GCC_WARN_UNUSED_FUNCTION = YES;
				GCC_WARN_UNUSED_VARIABLE = YES;
				IPHONEOS_DEPLOYMENT_TARGET = 8.1;
				MTL_ENABLE_DEBUG_INFO = NO;
				SDKROOT = iphoneos;
				VALIDATE_PRODUCT = YES;
			};
			name = Release;
		};
		60372B96E468CBAEFAD92F1D /* Release */ = {
			isa = XCBuildConfiguration;
			baseConfigurationReference = D7479E92B6129595D8D01126 /* Pods.release.xcconfig */;
			buildSettings = {
				ASSETCATALOG_COMPILER_APPICON_NAME = Icon;
				ASSETCATALOG_COMPILER_LAUNCHIMAGE_NAME = LaunchImage;
				INFOPLIST_FILE = ChurchDesk/Info.plist;
				LD_RUNPATH_SEARCH_PATHS = "$(inherited) @executable_path/Frameworks";
				PRODUCT_NAME = "$(TARGET_NAME)";
			};
			name = Release;
		};
		60372BE9263D3E11239D825C /* Debug */ = {
			isa = XCBuildConfiguration;
			baseConfigurationReference = 2AC28EE7D0449F9019B40E80 /* Pods.debug.xcconfig */;
			buildSettings = {
				ASSETCATALOG_COMPILER_APPICON_NAME = Icon;
				ASSETCATALOG_COMPILER_LAUNCHIMAGE_NAME = LaunchImage;
				INFOPLIST_FILE = ChurchDesk/Info.plist;
				LD_RUNPATH_SEARCH_PATHS = "$(inherited) @executable_path/Frameworks";
				PRODUCT_NAME = "$(TARGET_NAME)";
			};
			name = Debug;
		};
/* End XCBuildConfiguration section */

/* Begin XCConfigurationList section */
		60372857C75B2F7A9AF84333 /* Build configuration list for PBXProject "ChurchDesk" */ = {
			isa = XCConfigurationList;
			buildConfigurations = (
				6037211C16F08D697E5F809F /* Debug */,
				60372B65EFCACF89980D4582 /* Release */,
				3667D9D21A9236A1003716A2 /* Inhouse */,
			);
			defaultConfigurationIsVisible = 0;
			defaultConfigurationName = Release;
		};
		60372EB349819DA654C3DACD /* Build configuration list for PBXNativeTarget "ChurchDesk" */ = {
			isa = XCConfigurationList;
			buildConfigurations = (
				60372BE9263D3E11239D825C /* Debug */,
				60372B96E468CBAEFAD92F1D /* Release */,
				3667D9D31A9236A1003716A2 /* Inhouse */,
			);
			defaultConfigurationIsVisible = 0;
			defaultConfigurationName = Release;
		};
/* End XCConfigurationList section */
	};
	rootObject = 60372F0B5CB40ADBA96A7F24 /* Project object */;
}
