PODS:
  - AutoCoding (2.2.1)
  - DCIntrospect-ARC (HEAD based on 0.0.8)
  - dyci (0.1.5.6):
    - dyci/Injections (= 0.1.5.6)
  - dyci/Injections (0.1.5.6)
  - FormatterKit (1.8.0):
    - FormatterKit/AddressFormatter (= 1.8.0)
    - FormatterKit/ArrayFormatter (= 1.8.0)
    - FormatterKit/ColorFormatter (= 1.8.0)
    - FormatterKit/LocationFormatter (= 1.8.0)
    - FormatterKit/NameFormatter (= 1.8.0)
    - FormatterKit/OrdinalNumberFormatter (= 1.8.0)
    - FormatterKit/TimeIntervalFormatter (= 1.8.0)
    - FormatterKit/UnitOfInformationFormatter (= 1.8.0)
    - FormatterKit/URLRequestFormatter (= 1.8.0)
  - FormatterKit/AddressFormatter (1.8.0)
  - FormatterKit/ArrayFormatter (1.8.0)
  - FormatterKit/ColorFormatter (1.8.0)
  - FormatterKit/LocationFormatter (1.8.0)
  - FormatterKit/NameFormatter (1.8.0)
  - FormatterKit/OrdinalNumberFormatter (1.8.0)
  - FormatterKit/TimeIntervalFormatter (1.8.0)
  - FormatterKit/UnitOfInformationFormatter (1.8.0)
  - FormatterKit/URLRequestFormatter (1.8.0)
  - GoogleAnalytics-iOS-SDK (3.10):
    - GoogleAnalytics-iOS-SDK/Core (= 3.10)
  - GoogleAnalytics-iOS-SDK/Core (3.10)
  - Haneke (1.0.1)
  - Masonry (0.6.1)
  - MBProgressHUD (0.9.1)
  - pop (1.0.7)
  - ReactiveCocoa (2.4.7):
    - ReactiveCocoa/UI (= 2.4.7)
  - ReactiveCocoa/Core (2.4.7):
    - ReactiveCocoa/no-arc
  - ReactiveCocoa/no-arc (2.4.7)
  - ReactiveCocoa/UI (2.4.7):
    - ReactiveCocoa/Core
  - SHPCalendarPicker (0.4.3)
  - SHPFoundation (2.4.0)
  - SHPKeyboardAwareness (2.0.0):
    - ReactiveCocoa (~> 2.4.7)
  - SHPNetworking (7.6.2)
  - SHPRACAdditions (0.1.2):
    - ReactiveCocoa (~> 2.4.4)
  - SHPSideMenu (1.1.0):
    - pop (~> 1.0.7)
  - SHPUIInjection (HEAD based on 0.0.3):
    - dyci
  - SHPUIKit (2.1.0)
  - SSKeychain (1.2.2)

DEPENDENCIES:
  - Autocoding (~> 2.2.1)
  - DCIntrospect-ARC (HEAD)
  - FormatterKit (~> 1.8.0)
  - GoogleAnalytics-iOS-SDK (~> 3.10)
  - Haneke (~> 1.0.1)
  - Masonry (~> 0.6.1)
  - MBProgressHUD (~> 0.9.1)
  - ReactiveCocoa (~> 2.4.7)
  - SHPCalendarPicker (from `git@github.com:miklselsoe/SHPCalendarPicker.git`)
  - SHPFoundation (~> 2.4.0)
  - SHPKeyboardAwareness (~> 2.0.0)
  - SHPNetworking (~> 7.6.2)
  - SHPRACAdditions (~> 0.1.2)
  - SHPSideMenu (~> 1.1.0)
  - SHPUIInjection (HEAD)
  - SHPUIKit (~> 2.1.0)
  - SSKeychain (~> 1.2.2)

EXTERNAL SOURCES:
  SHPCalendarPicker:
    :git: git@github.com:miklselsoe/SHPCalendarPicker.git

CHECKOUT OPTIONS:
  SHPCalendarPicker:
    :commit: 5b37ac3c771f836c3c76b26ca03d1f296966eb6a
    :git: git@github.com:miklselsoe/SHPCalendarPicker.git

SPEC CHECKSUMS:
  AutoCoding: b47e528426c84346371dd532b8e6458929e4da34
  DCIntrospect-ARC: 68a97cc2e99420b21bfcd66865b5376701f8e7f5
  dyci: 099c2e6dc98abb8f21b370cabbf1443ff700608a
  FormatterKit: bddde83e054edf9d9ee14f9de3b3a5103db256f4
  GoogleAnalytics-iOS-SDK: 4f98a376c1d61e6ac4ca47951655820314856eef
  Haneke: d60be8b96b228633b24708dd153169d6849d6f78
  Masonry: 4972309f2f134de9dd312f4dc4a21359b50e6caa
  MBProgressHUD: c47f2c166c126cf2ce36498d80f33e754d4e93ad
  pop: 628ffc631644601567ee8bfaaaea493ebd7d0923
  ReactiveCocoa: eb38dee0a0e698f73a9b25e5c1faea2bb4c79240
  SHPCalendarPicker: 117f315701328336ebcf8bec07d4e7e8a28d895b
  SHPFoundation: 2d7363df3f66cf7b350c34abad7b81c5b5f83f9a
  SHPKeyboardAwareness: b62fdf2fea15b5623717c8ce6e9b8d05bf2a0d41
  SHPNetworking: 956d34a15ff98896a4987852752c38948a1dbeb4
  SHPRACAdditions: 3cd192f802347bb940b6b734d3eed64ca2523581
  SHPSideMenu: 885b7c5125c03e64189df794e07e7a9685cce954
  SHPUIInjection: 57540250f83fb81a1438d5478c5f8d129e794ef1
  SHPUIKit: ba38ba4315b8fc931311cd91711139a2fb03fda5
  SSKeychain: 88767e903ee8d274ed380e364d96b7a101235286

COCOAPODS: 0.36.3
