PODS:
  - pop (1.0.7)
  - SHPFoundation (2.3.2)
  - SHPSideMenu (1.1.0):
    - pop (~> 1.0.7)
  - SHPUIKit (2.1.0)

DEPENDENCIES:
  - SHPFoundation (~> 2.3.2)
  - SHPSideMenu (~> 1.1.0)
  - SHPUIKit

SPEC CHECKSUMS:
  pop: 2f14a1ea61339767af9e66741b418c831b3844df
  SHPFoundation: bc3d66db35927393ac3db278a0ab893c568e231f
  SHPSideMenu: 885b7c5125c03e64189df794e07e7a9685cce954
  SHPUIKit: ba38ba4315b8fc931311cd91711139a2fb03fda5

COCOAPODS: 0.35.0
