// !$*UTF8*$!
{
	archiveVersion = 1;
	classes = {
	};
	objectVersion = 46;
	objects = {

/* Begin PBXBuildFile section */
		45C055B64B554F698A76966A /* libPods.a in Frameworks */ = {isa = PBXBuildFile; fileRef = 0EFE9AC488D3478F9397FDB8 /* libPods.a */; };
		659F2015D5AAF9338F3DC7E2 /* MyLeftViewController.m in Sources */ = {isa = PBXBuildFile; fileRef = 659F2B376B79751C8E8BE06D /* MyLeftViewController.m */; };
		659F20992702FBB9010D4BEF /* AppDelegate.m in Sources */ = {isa = PBXBuildFile; fileRef = 659F2BE727D7E28396C58597 /* AppDelegate.m */; };
		659F235C32EAF0D703658E41 /* UIKit.framework in Frameworks */ = {isa = PBXBuildFile; fileRef = 659F271938D29EA81FFFF5CF /* UIKit.framework */; };
		659F256A901A0B2A2B6F27A7 /* Images.xcassets in Resources */ = {isa = PBXBuildFile; fileRef = 659F22C2C0ECA64A7712BB06 /* Images.xcassets */; };
		659F26905D055CDB54DA4F61 /* MySecondViewController.m in Sources */ = {isa = PBXBuildFile; fileRef = 659F2D45ACB8CD911B8CE622 /* MySecondViewController.m */; };
		659F26A6DF889AA1312A95A4 /* Foundation.framework in Frameworks */ = {isa = PBXBuildFile; fileRef = 659F2E39A87983327ADC5DD6 /* Foundation.framework */; };
		659F279597D6868960EF8A85 /* SHPSideMenuExampleTests.m in Sources */ = {isa = PBXBuildFile; fileRef = 659F272AE2FF7DAE7C873017 /* SHPSideMenuExampleTests.m */; };
		659F28CEA38D506B47988A37 /* UIKit.framework in Frameworks */ = {isa = PBXBuildFile; fileRef = 659F271938D29EA81FFFF5CF /* UIKit.framework */; };
		659F28DA2BA5F22959886AC9 /* MyViewController.m in Sources */ = {isa = PBXBuildFile; fileRef = 659F22FEEC1F3BED3BDC504F /* MyViewController.m */; };
		659F296CE1A0AFDCAC89706B /* CoreGraphics.framework in Frameworks */ = {isa = PBXBuildFile; fileRef = 659F25F3E31C7C56BB33A5E4 /* CoreGraphics.framework */; };
		659F2A003E5ABA6043E67065 /* main.m in Sources */ = {isa = PBXBuildFile; fileRef = 659F2BA78C79A1382B880F0C /* main.m */; };
		659F2B721401156AA4629313 /* Foundation.framework in Frameworks */ = {isa = PBXBuildFile; fileRef = 659F2E39A87983327ADC5DD6 /* Foundation.framework */; };
		659F2D2A5E56E3540EC89B6B /* InfoPlist.strings in Resources */ = {isa = PBXBuildFile; fileRef = 659F2957AE299B5A0FE17536 /* InfoPlist.strings */; };
		659F2E7D3600B56F30014201 /* XCTest.framework in Frameworks */ = {isa = PBXBuildFile; fileRef = 659F2A1A6B0172A1F771782E /* XCTest.framework */; };
		659F2F528323048226DDB3F1 /* InfoPlist.strings in Resources */ = {isa = PBXBuildFile; fileRef = 659F2C2007ED30647AB7F8F6 /* InfoPlist.strings */; };
/* End PBXBuildFile section */

/* Begin PBXContainerItemProxy section */
		659F23B1F8EC871B23E108F0 /* PBXContainerItemProxy */ = {
			isa = PBXContainerItemProxy;
			containerPortal = 659F276BAA104C90D946739A /* Project object */;
			proxyType = 1;
			remoteGlobalIDString = 659F2FC4000A92313544DAA2;
			remoteInfo = SHPSideMenuExample;
		};
/* End PBXContainerItemProxy section */

/* Begin PBXFileReference section */
		0EFE9AC488D3478F9397FDB8 /* libPods.a */ = {isa = PBXFileReference; explicitFileType = archive.ar; includeInIndex = 0; path = libPods.a; sourceTree = BUILT_PRODUCTS_DIR; };
		16E2CA3F768147AFA6D18944 /* Pods.xcconfig */ = {isa = PBXFileReference; includeInIndex = 1; lastKnownFileType = text.xcconfig; name = Pods.xcconfig; path = Pods/Pods.xcconfig; sourceTree = "<group>"; };
		659F2172CE428EF41130974F /* SHPSideMenuExampleTests.xctest */ = {isa = PBXFileReference; explicitFileType = wrapper.cfbundle; includeInIndex = 0; path = SHPSideMenuExampleTests.xctest; sourceTree = BUILT_PRODUCTS_DIR; };
		659F22B37FE10B297324781D /* SHPSideMenuExample-Info.plist */ = {isa = PBXFileReference; lastKnownFileType = text.plist.info; path = "SHPSideMenuExample-Info.plist"; sourceTree = "<group>"; };
		659F22C2C0ECA64A7712BB06 /* Images.xcassets */ = {isa = PBXFileReference; lastKnownFileType = folder.assetcatalog; path = Images.xcassets; sourceTree = "<group>"; };
		659F22FEEC1F3BED3BDC504F /* MyViewController.m */ = {isa = PBXFileReference; fileEncoding = 4; lastKnownFileType = sourcecode.c.objc; path = MyViewController.m; sourceTree = "<group>"; };
		659F248BB520F08CA332FA2D /* AppDelegate.h */ = {isa = PBXFileReference; lastKnownFileType = sourcecode.c.h; path = AppDelegate.h; sourceTree = "<group>"; };
		659F2507DF5DFF6CFD31DAAE /* en */ = {isa = PBXFileReference; lastKnownFileType = text.plist.strings; name = en; path = en.lproj/InfoPlist.strings; sourceTree = "<group>"; };
		659F25F3E31C7C56BB33A5E4 /* CoreGraphics.framework */ = {isa = PBXFileReference; lastKnownFileType = wrapper.framework; name = CoreGraphics.framework; path = System/Library/Frameworks/CoreGraphics.framework; sourceTree = SDKROOT; };
		659F26256F9C331F80B6F4B2 /* MySecondViewController.h */ = {isa = PBXFileReference; fileEncoding = 4; lastKnownFileType = sourcecode.c.h; path = MySecondViewController.h; sourceTree = "<group>"; };
		659F26A000BB0CC06D902158 /* SHPSideMenuExampleTests-Info.plist */ = {isa = PBXFileReference; lastKnownFileType = text.plist.info; path = "SHPSideMenuExampleTests-Info.plist"; sourceTree = "<group>"; };
		659F271938D29EA81FFFF5CF /* UIKit.framework */ = {isa = PBXFileReference; lastKnownFileType = wrapper.framework; name = UIKit.framework; path = System/Library/Frameworks/UIKit.framework; sourceTree = SDKROOT; };
		659F272AE2FF7DAE7C873017 /* SHPSideMenuExampleTests.m */ = {isa = PBXFileReference; lastKnownFileType = sourcecode.c.objc; path = SHPSideMenuExampleTests.m; sourceTree = "<group>"; };
		659F278D052399483F659671 /* MyLeftViewController.h */ = {isa = PBXFileReference; fileEncoding = 4; lastKnownFileType = sourcecode.c.h; path = MyLeftViewController.h; sourceTree = "<group>"; };
		659F2A1A6B0172A1F771782E /* XCTest.framework */ = {isa = PBXFileReference; lastKnownFileType = wrapper.framework; name = XCTest.framework; path = Library/Frameworks/XCTest.framework; sourceTree = DEVELOPER_DIR; };
		659F2B0542639768F92CB2B9 /* en */ = {isa = PBXFileReference; lastKnownFileType = text.plist.strings; name = en; path = en.lproj/InfoPlist.strings; sourceTree = "<group>"; };
		659F2B376B79751C8E8BE06D /* MyLeftViewController.m */ = {isa = PBXFileReference; fileEncoding = 4; lastKnownFileType = sourcecode.c.objc; path = MyLeftViewController.m; sourceTree = "<group>"; };
		659F2BA78C79A1382B880F0C /* main.m */ = {isa = PBXFileReference; lastKnownFileType = sourcecode.c.objc; path = main.m; sourceTree = "<group>"; };
		659F2BB30EF480B42458D866 /* SHPSideMenuExample.app */ = {isa = PBXFileReference; explicitFileType = wrapper.application; includeInIndex = 0; path = SHPSideMenuExample.app; sourceTree = BUILT_PRODUCTS_DIR; };
		659F2BE727D7E28396C58597 /* AppDelegate.m */ = {isa = PBXFileReference; lastKnownFileType = sourcecode.c.objc; path = AppDelegate.m; sourceTree = "<group>"; };
		659F2C6D2DD616C80DF46E42 /* SHPSideMenuExample-Prefix.pch */ = {isa = PBXFileReference; lastKnownFileType = sourcecode.c.h; path = "SHPSideMenuExample-Prefix.pch"; sourceTree = "<group>"; };
		659F2D45ACB8CD911B8CE622 /* MySecondViewController.m */ = {isa = PBXFileReference; fileEncoding = 4; lastKnownFileType = sourcecode.c.objc; path = MySecondViewController.m; sourceTree = "<group>"; };
		659F2E39A87983327ADC5DD6 /* Foundation.framework */ = {isa = PBXFileReference; lastKnownFileType = wrapper.framework; name = Foundation.framework; path = System/Library/Frameworks/Foundation.framework; sourceTree = SDKROOT; };
		659F2F8D5A061BDCD0CC3E1D /* MyViewController.h */ = {isa = PBXFileReference; fileEncoding = 4; lastKnownFileType = sourcecode.c.h; path = MyViewController.h; sourceTree = "<group>"; };
/* End PBXFileReference section */

/* Begin PBXFrameworksBuildPhase section */
		659F2583CF0163A56C0EB3BC /* Frameworks */ = {
			isa = PBXFrameworksBuildPhase;
			buildActionMask = 2147483647;
			files = (
				659F2B721401156AA4629313 /* Foundation.framework in Frameworks */,
				659F296CE1A0AFDCAC89706B /* CoreGraphics.framework in Frameworks */,
				659F28CEA38D506B47988A37 /* UIKit.framework in Frameworks */,
				45C055B64B554F698A76966A /* libPods.a in Frameworks */,
			);
			runOnlyForDeploymentPostprocessing = 0;
		};
		659F2599BE2A256596C13BEE /* Frameworks */ = {
			isa = PBXFrameworksBuildPhase;
			buildActionMask = 2147483647;
			files = (
				659F2E7D3600B56F30014201 /* XCTest.framework in Frameworks */,
				659F26A6DF889AA1312A95A4 /* Foundation.framework in Frameworks */,
				659F235C32EAF0D703658E41 /* UIKit.framework in Frameworks */,
			);
			runOnlyForDeploymentPostprocessing = 0;
		};
/* End PBXFrameworksBuildPhase section */

/* Begin PBXGroup section */
		659F21BB7245492DAFA49708 /* SHPSideMenuExample */ = {
			isa = PBXGroup;
			children = (
				659F261AD0D261EFEDDEB1D1 /* Supporting Files */,
				659F248BB520F08CA332FA2D /* AppDelegate.h */,
				659F2BE727D7E28396C58597 /* AppDelegate.m */,
				659F22C2C0ECA64A7712BB06 /* Images.xcassets */,
				659F22FEEC1F3BED3BDC504F /* MyViewController.m */,
				659F2F8D5A061BDCD0CC3E1D /* MyViewController.h */,
				659F2B376B79751C8E8BE06D /* MyLeftViewController.m */,
				659F278D052399483F659671 /* MyLeftViewController.h */,
				659F2D45ACB8CD911B8CE622 /* MySecondViewController.m */,
				659F26256F9C331F80B6F4B2 /* MySecondViewController.h */,
			);
			path = SHPSideMenuExample;
			sourceTree = "<group>";
		};
		659F242A558297B614D5AC8C /* Supporting Files */ = {
			isa = PBXGroup;
			children = (
				659F26A000BB0CC06D902158 /* SHPSideMenuExampleTests-Info.plist */,
				659F2C2007ED30647AB7F8F6 /* InfoPlist.strings */,
			);
			name = "Supporting Files";
			sourceTree = "<group>";
		};
		659F24DAB5676C29C791B49F /* Frameworks */ = {
			isa = PBXGroup;
			children = (
				659F2E39A87983327ADC5DD6 /* Foundation.framework */,
				659F25F3E31C7C56BB33A5E4 /* CoreGraphics.framework */,
				659F271938D29EA81FFFF5CF /* UIKit.framework */,
				659F2A1A6B0172A1F771782E /* XCTest.framework */,
				0EFE9AC488D3478F9397FDB8 /* libPods.a */,
			);
			name = Frameworks;
			sourceTree = "<group>";
		};
		659F25E050481599D3EACBE7 = {
			isa = PBXGroup;
			children = (
				659F2F817A6ED18087DC2130 /* Products */,
				659F24DAB5676C29C791B49F /* Frameworks */,
				659F21BB7245492DAFA49708 /* SHPSideMenuExample */,
				659F2F86E895D49C882259BE /* SHPSideMenuExampleTests */,
				16E2CA3F768147AFA6D18944 /* Pods.xcconfig */,
			);
			sourceTree = "<group>";
		};
		659F261AD0D261EFEDDEB1D1 /* Supporting Files */ = {
			isa = PBXGroup;
			children = (
				659F22B37FE10B297324781D /* SHPSideMenuExample-Info.plist */,
				659F2957AE299B5A0FE17536 /* InfoPlist.strings */,
				659F2BA78C79A1382B880F0C /* main.m */,
				659F2C6D2DD616C80DF46E42 /* SHPSideMenuExample-Prefix.pch */,
			);
			name = "Supporting Files";
			sourceTree = "<group>";
		};
		659F2F817A6ED18087DC2130 /* Products */ = {
			isa = PBXGroup;
			children = (
				659F2BB30EF480B42458D866 /* SHPSideMenuExample.app */,
				659F2172CE428EF41130974F /* SHPSideMenuExampleTests.xctest */,
			);
			name = Products;
			sourceTree = "<group>";
		};
		659F2F86E895D49C882259BE /* SHPSideMenuExampleTests */ = {
			isa = PBXGroup;
			children = (
				659F242A558297B614D5AC8C /* Supporting Files */,
				659F272AE2FF7DAE7C873017 /* SHPSideMenuExampleTests.m */,
			);
			path = SHPSideMenuExampleTests;
			sourceTree = "<group>";
		};
/* End PBXGroup section */

/* Begin PBXNativeTarget section */
		659F2014FA54E3B2BAB39253 /* SHPSideMenuExampleTests */ = {
			isa = PBXNativeTarget;
			buildConfigurationList = 659F234B213E7EA6FF9C91F5 /* Build configuration list for PBXNativeTarget "SHPSideMenuExampleTests" */;
			buildPhases = (
				659F28A51E00040D3C5396FE /* Sources */,
				659F2599BE2A256596C13BEE /* Frameworks */,
				659F237923D44626ADB588AE /* Resources */,
			);
			buildRules = (
			);
			dependencies = (
				659F2118E8AA652123EF6E23 /* PBXTargetDependency */,
			);
			name = SHPSideMenuExampleTests;
			productName = SHPSideMenuExampleTests;
			productReference = 659F2172CE428EF41130974F /* SHPSideMenuExampleTests.xctest */;
			productType = "com.apple.product-type.bundle.unit-test";
		};
		659F2FC4000A92313544DAA2 /* SHPSideMenuExample */ = {
			isa = PBXNativeTarget;
			buildConfigurationList = 659F2918AB03D7C1C72C3542 /* Build configuration list for PBXNativeTarget "SHPSideMenuExample" */;
			buildPhases = (
				6F9F7CF6309344A1AD75A5C7 /* Check Pods Manifest.lock */,
				659F2F835507110D13DA9CB4 /* Sources */,
				659F2583CF0163A56C0EB3BC /* Frameworks */,
				659F28FDB79B6C261D62F0ED /* Resources */,
				E19044C5DF3A4A4A887D40E2 /* Copy Pods Resources */,
			);
			buildRules = (
			);
			dependencies = (
			);
			name = SHPSideMenuExample;
			productName = SHPSideMenuExample;
			productReference = 659F2BB30EF480B42458D866 /* SHPSideMenuExample.app */;
			productType = "com.apple.product-type.application";
		};
/* End PBXNativeTarget section */

/* Begin PBXProject section */
		659F276BAA104C90D946739A /* Project object */ = {
			isa = PBXProject;
			attributes = {
				ORGANIZATIONNAME = "Peter Gammelgaard";
			};
			buildConfigurationList = 659F2664EE6EB30CE494E57D /* Build configuration list for PBXProject "SHPSideMenuExample" */;
			compatibilityVersion = "Xcode 3.2";
			developmentRegion = English;
			hasScannedForEncodings = 0;
			knownRegions = (
				en,
			);
			mainGroup = 659F25E050481599D3EACBE7;
			productRefGroup = 659F2F817A6ED18087DC2130 /* Products */;
			projectDirPath = "";
			projectRoot = "";
			targets = (
				659F2FC4000A92313544DAA2 /* SHPSideMenuExample */,
				659F2014FA54E3B2BAB39253 /* SHPSideMenuExampleTests */,
			);
		};
/* End PBXProject section */

/* Begin PBXResourcesBuildPhase section */
		659F237923D44626ADB588AE /* Resources */ = {
			isa = PBXResourcesBuildPhase;
			buildActionMask = 2147483647;
			files = (
				659F2F528323048226DDB3F1 /* InfoPlist.strings in Resources */,
			);
			runOnlyForDeploymentPostprocessing = 0;
		};
		659F28FDB79B6C261D62F0ED /* Resources */ = {
			isa = PBXResourcesBuildPhase;
			buildActionMask = 2147483647;
			files = (
				659F2D2A5E56E3540EC89B6B /* InfoPlist.strings in Resources */,
				659F256A901A0B2A2B6F27A7 /* Images.xcassets in Resources */,
			);
			runOnlyForDeploymentPostprocessing = 0;
		};
/* End PBXResourcesBuildPhase section */

/* Begin PBXShellScriptBuildPhase section */
		6F9F7CF6309344A1AD75A5C7 /* Check Pods Manifest.lock */ = {
			isa = PBXShellScriptBuildPhase;
			buildActionMask = 2147483647;
			files = (
			);
			inputPaths = (
			);
			name = "Check Pods Manifest.lock";
			outputPaths = (
			);
			runOnlyForDeploymentPostprocessing = 0;
			shellPath = /bin/sh;
			shellScript = "diff \"${PODS_ROOT}/../Podfile.lock\" \"${PODS_ROOT}/Manifest.lock\" > /dev/null\nif [[ $? != 0 ]] ; then\n    cat << EOM\nerror: The sandbox is not in sync with the Podfile.lock. Run 'pod install' or update your CocoaPods installation.\nEOM\n    exit 1\nfi\n";
			showEnvVarsInLog = 0;
		};
		E19044C5DF3A4A4A887D40E2 /* Copy Pods Resources */ = {
			isa = PBXShellScriptBuildPhase;
			buildActionMask = 2147483647;
			files = (
			);
			inputPaths = (
			);
			name = "Copy Pods Resources";
			outputPaths = (
			);
			runOnlyForDeploymentPostprocessing = 0;
			shellPath = /bin/sh;
			shellScript = "\"${SRCROOT}/Pods/Pods-resources.sh\"\n";
			showEnvVarsInLog = 0;
		};
/* End PBXShellScriptBuildPhase section */

/* Begin PBXSourcesBuildPhase section */
		659F28A51E00040D3C5396FE /* Sources */ = {
			isa = PBXSourcesBuildPhase;
			buildActionMask = 2147483647;
			files = (
				659F279597D6868960EF8A85 /* SHPSideMenuExampleTests.m in Sources */,
			);
			runOnlyForDeploymentPostprocessing = 0;
		};
		659F2F835507110D13DA9CB4 /* Sources */ = {
			isa = PBXSourcesBuildPhase;
			buildActionMask = 2147483647;
			files = (
				659F2A003E5ABA6043E67065 /* main.m in Sources */,
				659F20992702FBB9010D4BEF /* AppDelegate.m in Sources */,
				659F28DA2BA5F22959886AC9 /* MyViewController.m in Sources */,
				659F2015D5AAF9338F3DC7E2 /* MyLeftViewController.m in Sources */,
				659F26905D055CDB54DA4F61 /* MySecondViewController.m in Sources */,
			);
			runOnlyForDeploymentPostprocessing = 0;
		};
/* End PBXSourcesBuildPhase section */

/* Begin PBXTargetDependency section */
		659F2118E8AA652123EF6E23 /* PBXTargetDependency */ = {
			isa = PBXTargetDependency;
			target = 659F2FC4000A92313544DAA2 /* SHPSideMenuExample */;
			targetProxy = 659F23B1F8EC871B23E108F0 /* PBXContainerItemProxy */;
		};
/* End PBXTargetDependency section */

/* Begin PBXVariantGroup section */
		659F2957AE299B5A0FE17536 /* InfoPlist.strings */ = {
			isa = PBXVariantGroup;
			children = (
				659F2B0542639768F92CB2B9 /* en */,
			);
			name = InfoPlist.strings;
			sourceTree = "<group>";
		};
		659F2C2007ED30647AB7F8F6 /* InfoPlist.strings */ = {
			isa = PBXVariantGroup;
			children = (
				659F2507DF5DFF6CFD31DAAE /* en */,
			);
			name = InfoPlist.strings;
			sourceTree = "<group>";
		};
/* End PBXVariantGroup section */

/* Begin XCBuildConfiguration section */
		659F21C0EDFE91D6BB7EAC3B /* Debug */ = {
			isa = XCBuildConfiguration;
			buildSettings = {
				ALWAYS_SEARCH_USER_PATHS = NO;
				CLANG_CXX_LANGUAGE_STANDARD = "gnu++0x";
				CLANG_CXX_LIBRARY = "libc++";
				CLANG_ENABLE_MODULES = YES;
				CLANG_ENABLE_OBJC_ARC = YES;
				CLANG_WARN_BOOL_CONVERSION = YES;
				CLANG_WARN_CONSTANT_CONVERSION = YES;
				CLANG_WARN_DIRECT_OBJC_ISA_USAGE = YES_ERROR;
				CLANG_WARN_EMPTY_BODY = YES;
				CLANG_WARN_ENUM_CONVERSION = YES;
				CLANG_WARN_INT_CONVERSION = YES;
				CLANG_WARN_OBJC_ROOT_CLASS = YES_ERROR;
				CLANG_WARN__DUPLICATE_METHOD_MATCH = YES;
				"CODE_SIGN_IDENTITY[sdk=iphoneos*]" = "iPhone Developer";
				COPY_PHASE_STRIP = NO;
				GCC_C_LANGUAGE_STANDARD = gnu99;
				GCC_DYNAMIC_NO_PIC = NO;
				GCC_OPTIMIZATION_LEVEL = 0;
				GCC_PREPROCESSOR_DEFINITIONS = (
					"DEBUG=1",
					"$(inherited)",
				);
				GCC_SYMBOLS_PRIVATE_EXTERN = NO;
				GCC_WARN_64_TO_32_BIT_CONVERSION = YES;
				GCC_WARN_ABOUT_RETURN_TYPE = YES_ERROR;
				GCC_WARN_UNDECLARED_SELECTOR = YES;
				GCC_WARN_UNINITIALIZED_AUTOS = YES_AGGRESSIVE;
				GCC_WARN_UNUSED_FUNCTION = YES;
				GCC_WARN_UNUSED_VARIABLE = YES;
				IPHONEOS_DEPLOYMENT_TARGET = 7.1;
				ONLY_ACTIVE_ARCH = YES;
				SDKROOT = iphoneos;
			};
			name = Debug;
		};
		659F2304681ADCD5EA62F02F /* Release */ = {
			isa = XCBuildConfiguration;
			buildSettings = {
				ALWAYS_SEARCH_USER_PATHS = NO;
				CLANG_CXX_LANGUAGE_STANDARD = "gnu++0x";
				CLANG_CXX_LIBRARY = "libc++";
				CLANG_ENABLE_MODULES = YES;
				CLANG_ENABLE_OBJC_ARC = YES;
				CLANG_WARN_BOOL_CONVERSION = YES;
				CLANG_WARN_CONSTANT_CONVERSION = YES;
				CLANG_WARN_DIRECT_OBJC_ISA_USAGE = YES_ERROR;
				CLANG_WARN_EMPTY_BODY = YES;
				CLANG_WARN_ENUM_CONVERSION = YES;
				CLANG_WARN_INT_CONVERSION = YES;
				CLANG_WARN_OBJC_ROOT_CLASS = YES_ERROR;
				CLANG_WARN__DUPLICATE_METHOD_MATCH = YES;
				"CODE_SIGN_IDENTITY[sdk=iphoneos*]" = "iPhone Developer";
				COPY_PHASE_STRIP = YES;
				ENABLE_NS_ASSERTIONS = NO;
				GCC_C_LANGUAGE_STANDARD = gnu99;
				GCC_WARN_64_TO_32_BIT_CONVERSION = YES;
				GCC_WARN_ABOUT_RETURN_TYPE = YES_ERROR;
				GCC_WARN_UNDECLARED_SELECTOR = YES;
				GCC_WARN_UNINITIALIZED_AUTOS = YES_AGGRESSIVE;
				GCC_WARN_UNUSED_FUNCTION = YES;
				GCC_WARN_UNUSED_VARIABLE = YES;
				IPHONEOS_DEPLOYMENT_TARGET = 7.1;
				SDKROOT = iphoneos;
				VALIDATE_PRODUCT = YES;
			};
			name = Release;
		};
		659F24609BCC33BE8BAA3EE9 /* Debug */ = {
			isa = XCBuildConfiguration;
			baseConfigurationReference = 16E2CA3F768147AFA6D18944 /* Pods.xcconfig */;
			buildSettings = {
				ASSETCATALOG_COMPILER_APPICON_NAME = AppIcon;
				ASSETCATALOG_COMPILER_LAUNCHIMAGE_NAME = LaunchImage;
				GCC_PRECOMPILE_PREFIX_HEADER = YES;
				GCC_PREFIX_HEADER = "SHPSideMenuExample/SHPSideMenuExample-Prefix.pch";
				INFOPLIST_FILE = "SHPSideMenuExample/SHPSideMenuExample-Info.plist";
				PRODUCT_NAME = "$(TARGET_NAME)";
				USER_HEADER_SEARCH_PATHS = "\"${PROJECT_DIR}/Pods\"/**";
				WRAPPER_EXTENSION = app;
			};
			name = Debug;
		};
		659F277B98F0C0E92452AA8A /* Release */ = {
			isa = XCBuildConfiguration;
			baseConfigurationReference = 16E2CA3F768147AFA6D18944 /* Pods.xcconfig */;
			buildSettings = {
				ASSETCATALOG_COMPILER_APPICON_NAME = AppIcon;
				ASSETCATALOG_COMPILER_LAUNCHIMAGE_NAME = LaunchImage;
				GCC_PRECOMPILE_PREFIX_HEADER = YES;
				GCC_PREFIX_HEADER = "SHPSideMenuExample/SHPSideMenuExample-Prefix.pch";
				INFOPLIST_FILE = "SHPSideMenuExample/SHPSideMenuExample-Info.plist";
				PRODUCT_NAME = "$(TARGET_NAME)";
				USER_HEADER_SEARCH_PATHS = "\"${PROJECT_DIR}/Pods\"/**";
				WRAPPER_EXTENSION = app;
			};
			name = Release;
		};
		659F2E2DF2783BBB617BF146 /* Release */ = {
			isa = XCBuildConfiguration;
			buildSettings = {
				FRAMEWORK_SEARCH_PATHS = (
					"$(SDKROOT)/Developer/Library/Frameworks",
					"$(inherited)",
				);
				GCC_PRECOMPILE_PREFIX_HEADER = YES;
				GCC_PREFIX_HEADER = "SHPSideMenuExample/SHPSideMenuExample-Prefix.pch";
				INFOPLIST_FILE = "SHPSideMenuExampleTests/SHPSideMenuExampleTests-Info.plist";
				PRODUCT_NAME = "$(TARGET_NAME)";
				WRAPPER_EXTENSION = xctest;
			};
			name = Release;
		};
		659F2E3AD5EC5437F1E97EE4 /* Debug */ = {
			isa = XCBuildConfiguration;
			buildSettings = {
				FRAMEWORK_SEARCH_PATHS = (
					"$(SDKROOT)/Developer/Library/Frameworks",
					"$(inherited)",
				);
				GCC_PRECOMPILE_PREFIX_HEADER = YES;
				GCC_PREFIX_HEADER = "SHPSideMenuExample/SHPSideMenuExample-Prefix.pch";
				INFOPLIST_FILE = "SHPSideMenuExampleTests/SHPSideMenuExampleTests-Info.plist";
				PRODUCT_NAME = "$(TARGET_NAME)";
				WRAPPER_EXTENSION = xctest;
			};
			name = Debug;
		};
/* End XCBuildConfiguration section */

/* Begin XCConfigurationList section */
		659F234B213E7EA6FF9C91F5 /* Build configuration list for PBXNativeTarget "SHPSideMenuExampleTests" */ = {
			isa = XCConfigurationList;
			buildConfigurations = (
				659F2E2DF2783BBB617BF146 /* Release */,
				659F2E3AD5EC5437F1E97EE4 /* Debug */,
			);
			defaultConfigurationIsVisible = 0;
			defaultConfigurationName = Release;
		};
		659F2664EE6EB30CE494E57D /* Build configuration list for PBXProject "SHPSideMenuExample" */ = {
			isa = XCConfigurationList;
			buildConfigurations = (
				659F2304681ADCD5EA62F02F /* Release */,
				659F21C0EDFE91D6BB7EAC3B /* Debug */,
			);
			defaultConfigurationIsVisible = 0;
			defaultConfigurationName = Release;
		};
		659F2918AB03D7C1C72C3542 /* Build configuration list for PBXNativeTarget "SHPSideMenuExample" */ = {
			isa = XCConfigurationList;
			buildConfigurations = (
				659F277B98F0C0E92452AA8A /* Release */,
				659F24609BCC33BE8BAA3EE9 /* Debug */,
			);
			defaultConfigurationIsVisible = 0;
			defaultConfigurationName = Release;
		};
/* End XCConfigurationList section */
	};
	rootObject = 659F276BAA104C90D946739A /* Project object */;
}
