<?xml version="1.0" encoding="UTF-8"?>
<Scheme
   version = "1.3">
   <BuildAction>
      <BuildActionEntries>
         <BuildActionEntry
            buildForRunning = "YES">
            <BuildableReference
               BuildableIdentifier = "primary"
               BlueprintIdentifier = "6037291B5F81D8B947908396"
               BuildableName = "ChurchDesk.app"
               BlueprintName = "ChurchDesk"
               ReferencedContainer = "container:ChurchDesk.xcodeproj">
            </BuildableReference>
         </BuildActionEntry>
      </BuildActionEntries>
   </BuildAction>
   <LaunchAction
      useCustomWorkingDirectory = "NO"
      buildConfiguration = "Debug">
      <BuildableProductRunnable>
         <BuildableReference
            BuildableIdentifier = "primary"
            BlueprintIdentifier = "6037291B5F81D8B947908396"
            BuildableName = "ChurchDesk.app"
            BlueprintName = "ChurchDesk"
            ReferencedContainer = "container:ChurchDesk.xcodeproj">
         </BuildableReference>
      </BuildableProductRunnable>
   </LaunchAction>
</Scheme>
